
Microsoft Visual Studio Solution File, Format Version 12.00
# Visual Studio Version 17
VisualStudioVersion = 17.1.32210.238
MinimumVisualStudioVersion = 10.0.40219.1
Project("{FAE04EC0-301F-11D3-BF4B-00C04F79EFBC}") = "Lab_8", "Lab_8\Lab_8.csproj", "{FE1A85D3-E9B9-428B-A516-26F8B996A2E8}"
EndProject
Global
	GlobalSection(SolutionConfigurationPlatforms) = preSolution
		Debug|Any CPU = Debug|Any CPU
		Release|Any CPU = Release|Any CPU
	EndGlobalSection
	GlobalSection(ProjectConfigurationPlatforms) = postSolution
		{FE1A85D3-E9B9-428B-A516-26F8B996A2E8}.Debug|Any CPU.ActiveCfg = Debug|Any CPU
		{FE1A85D3-E9B9-428B-A516-26F8B996A2E8}.Debug|Any CPU.Build.0 = Debug|Any CPU
		{FE1A85D3-E9B9-428B-A516-26F8B996A2E8}.Release|Any CPU.ActiveCfg = Release|Any CPU
		{FE1A85D3-E9B9-428B-A516-26F8B996A2E8}.Release|Any CPU.Build.0 = Release|Any CPU
	EndGlobalSection
	GlobalSection(SolutionProperties) = preSolution
		HideSolutionNode = FALSE
	EndGlobalSection
	GlobalSection(ExtensibilityGlobals) = postSolution
		SolutionGuid = {52654A80-E365-43B8-BB8D-19F888976D5C}
	EndGlobalSection
EndGlobal
