
Microsoft Visual Studio Solution File, Format Version 12.00
# Visual Studio Version 17
VisualStudioVersion = 17.1.32210.238
MinimumVisualStudioVersion = 10.0.40219.1
Project("{FAE04EC0-301F-11D3-BF4B-00C04F79EFBC}") = "Lab_2", "Lab_2\Lab_2.csproj", "{77459E58-4386-4F36-A59C-47807E88F3C5}"
EndProject
Global
	GlobalSection(SolutionConfigurationPlatforms) = preSolution
		Debug|Any CPU = Debug|Any CPU
		Release|Any CPU = Release|Any CPU
	EndGlobalSection
	GlobalSection(ProjectConfigurationPlatforms) = postSolution
		{77459E58-4386-4F36-A59C-47807E88F3C5}.Debug|Any CPU.ActiveCfg = Debug|Any CPU
		{77459E58-4386-4F36-A59C-47807E88F3C5}.Debug|Any CPU.Build.0 = Debug|Any CPU
		{77459E58-4386-4F36-A59C-47807E88F3C5}.Release|Any CPU.ActiveCfg = Release|Any CPU
		{77459E58-4386-4F36-A59C-47807E88F3C5}.Release|Any CPU.Build.0 = Release|Any CPU
	EndGlobalSection
	GlobalSection(SolutionProperties) = preSolution
		HideSolutionNode = FALSE
	EndGlobalSection
	GlobalSection(ExtensibilityGlobals) = postSolution
		SolutionGuid = {A12C4650-2FC5-4293-B734-DBBE08A0F84C}
	EndGlobalSection
EndGlobal
